
Microsoft Visual Studio Solution File, Format Version 12.00
# Visual Studio 2012
Project("{FAE04EC0-301F-11D3-BF4B-00C04F79EFBC}") = "TestApplication", "TestApplication.csproj", "{99954B46-F360-459A-BCA5-314E5EB2434D}"
EndProject
Project("{FAE04EC0-301F-11D3-BF4B-00C04F79EFBC}") = "Gwen", "..\Gwen\Gwen.csproj", "{ADDA2F43-96C0-497F-8216-29C67ABC9806}"
EndProject
Project("{FAE04EC0-301F-11D3-BF4B-00C04F79EFBC}") = "Gwen.Renderer.OpenTK", "..\Gwen.Renderer.OpenTK\Gwen.Renderer.OpenTK.csproj", "{41650C82-D630-4E5C-845A-F1513C8FDC99}"
EndProject
Global
	GlobalSection(SolutionConfigurationPlatforms) = preSolution
		Debug|Any CPU = Debug|Any CPU
		Release|Any CPU = Release|Any CPU
	EndGlobalSection
	GlobalSection(ProjectConfigurationPlatforms) = postSolution
		{99954B46-F360-459A-BCA5-314E5EB2434D}.Debug|Any CPU.ActiveCfg = Debug|Any CPU
		{99954B46-F360-459A-BCA5-314E5EB2434D}.Debug|Any CPU.Build.0 = Debug|Any CPU
		{99954B46-F360-459A-BCA5-314E5EB2434D}.Release|Any CPU.ActiveCfg = Release|Any CPU
		{99954B46-F360-459A-BCA5-314E5EB2434D}.Release|Any CPU.Build.0 = Release|Any CPU
		{ADDA2F43-96C0-497F-8216-29C67ABC9806}.Debug|Any CPU.ActiveCfg = Debug|Any CPU
		{ADDA2F43-96C0-497F-8216-29C67ABC9806}.Debug|Any CPU.Build.0 = Debug|Any CPU
		{ADDA2F43-96C0-497F-8216-29C67ABC9806}.Release|Any CPU.ActiveCfg = Release|Any CPU
		{ADDA2F43-96C0-497F-8216-29C67ABC9806}.Release|Any CPU.Build.0 = Release|Any CPU
		{41650C82-D630-4E5C-845A-F1513C8FDC99}.Debug|Any CPU.ActiveCfg = Debug|Any CPU
		{41650C82-D630-4E5C-845A-F1513C8FDC99}.Debug|Any CPU.Build.0 = Debug|Any CPU
		{41650C82-D630-4E5C-845A-F1513C8FDC99}.Release|Any CPU.ActiveCfg = Release|Any CPU
		{41650C82-D630-4E5C-845A-F1513C8FDC99}.Release|Any CPU.Build.0 = Release|Any CPU
	EndGlobalSection
EndGlobal
